
Microsoft Visual Studio Solution File, Format Version 12.00
# Visual Studio Version 17
VisualStudioVersion = 17.0.31612.314
MinimumVisualStudioVersion = 10.0.40219.1
Project("{9A19103F-16F7-4668-BE54-9A1E7A4F7556}") = "Utils", "src\Framework\Utils\Utils.csproj", "{E1ED2E10-1DE7-4CBD-9136-4EF7F30D448B}"
EndProject
Project("{9A19103F-16F7-4668-BE54-9A1E7A4F7556}") = "Module", "src\Framework\Module\Module.csproj", "{0F815B54-82A9-4B99-BCCA-AB2FFCE8AE65}"
EndProject
Project("{9A19103F-16F7-4668-BE54-9A1E7A4F7556}") = "Mapper", "src\Framework\Mapper\Mapper.csproj", "{48230555-C71B-418F-A733-A5A0AA5EE3B8}"
EndProject
Project("{9A19103F-16F7-4668-BE54-9A1E7A4F7556}") = "Cache", "src\Framework\Cache\Cache.csproj", "{B5ACF8F4-97AC-4ACD-A332-FEAB8476CE3B}"
EndProject
Project("{9A19103F-16F7-4668-BE54-9A1E7A4F7556}") = "Host", "src\Framework\Host\Host.csproj", "{32A22980-AE7F-42DE-8876-188FF5DCB508}"
EndProject
Project("{9A19103F-16F7-4668-BE54-9A1E7A4F7556}") = "MQ", "src\Framework\MQ\MQ.csproj", "{2B03E151-A1F3-490E-B310-E28836BF74E5}"
EndProject
Project("{9A19103F-16F7-4668-BE54-9A1E7A4F7556}") = "Data", "src\Framework\Data\Data.csproj", "{F69F4F92-0450-4877-8BCF-6B6F893F3CB9}"
EndProject
Project("{9A19103F-16F7-4668-BE54-9A1E7A4F7556}") = "Auth", "src\Framework\Auth\Auth.csproj", "{84B300E8-4530-444C-A684-C76094A98727}"
EndProject
Project("{9A19103F-16F7-4668-BE54-9A1E7A4F7556}") = "Api", "src\Api\Api.csproj", "{9BD0D21A-F32A-4255-8956-5517885E6F8F}"
EndProject
Project("{2150E333-8FDC-42A3-9474-1A3956D46DE8}") = "build", "build", "{67094392-6A61-45D8-B82B-965D0E115DF2}"
	ProjectSection(SolutionItems) = preProject
		build\Directory.Build.props = build\Directory.Build.props
		build\module.build.targets = build\module.build.targets
	EndProjectSection
EndProject
Project("{2150E333-8FDC-42A3-9474-1A3956D46DE8}") = "src", "src", "{1D013B00-C1C4-4F02-90F7-A1CDFB43FF12}"
EndProject
Project("{2150E333-8FDC-42A3-9474-1A3956D46DE8}") = "Api", "Api", "{A23C20D9-7C08-4DE0-AD5D-2A86FE0BE823}"
EndProject
Project("{2150E333-8FDC-42A3-9474-1A3956D46DE8}") = "Framework", "Framework", "{D2A63A36-0A69-4B03-99A5-AC393FD7A952}"
EndProject
Project("{2150E333-8FDC-42A3-9474-1A3956D46DE8}") = "00.Host", "00.Host", "{1956C5FD-2A75-4AC2-B037-C9495B5478C5}"
EndProject
Project("{2150E333-8FDC-42A3-9474-1A3956D46DE8}") = "01.Utils", "01.Utils", "{D61FBC18-09B7-4302-8E0A-D3A4BCAC9D88}"
EndProject
Project("{2150E333-8FDC-42A3-9474-1A3956D46DE8}") = "04.Cache", "04.Cache", "{1B882D8D-5A6D-4888-BB72-932D7CFF0479}"
EndProject
Project("{2150E333-8FDC-42A3-9474-1A3956D46DE8}") = "05.Mapper", "05.Mapper", "{ADF1BA81-13C7-49BF-BF92-1C0A03EA51BA}"
EndProject
Project("{2150E333-8FDC-42A3-9474-1A3956D46DE8}") = "06.MQ", "06.MQ", "{BA3F82F8-00F7-4E8D-BB1A-C24E0F4B14A8}"
EndProject
Project("{2150E333-8FDC-42A3-9474-1A3956D46DE8}") = "07.Auth", "07.Auth", "{DFABB471-A9EC-4502-B8C9-22514BA11A55}"
EndProject
Project("{2150E333-8FDC-42A3-9474-1A3956D46DE8}") = "02.Data", "02.Data", "{620C6DF1-E67C-40CC-AA56-52DA2D1A1561}"
EndProject
Project("{2150E333-8FDC-42A3-9474-1A3956D46DE8}") = "03.Module", "03.Module", "{61F9EAE9-EA25-4924-9B6C-C4A7CA0DFC3B}"
EndProject
Global
	GlobalSection(SolutionConfigurationPlatforms) = preSolution
		Debug|Any CPU = Debug|Any CPU
		Release|Any CPU = Release|Any CPU
	EndGlobalSection
	GlobalSection(ProjectConfigurationPlatforms) = postSolution
		{E1ED2E10-1DE7-4CBD-9136-4EF7F30D448B}.Debug|Any CPU.ActiveCfg = Debug|Any CPU
		{E1ED2E10-1DE7-4CBD-9136-4EF7F30D448B}.Debug|Any CPU.Build.0 = Debug|Any CPU
		{E1ED2E10-1DE7-4CBD-9136-4EF7F30D448B}.Release|Any CPU.ActiveCfg = Release|Any CPU
		{E1ED2E10-1DE7-4CBD-9136-4EF7F30D448B}.Release|Any CPU.Build.0 = Release|Any CPU
		{0F815B54-82A9-4B99-BCCA-AB2FFCE8AE65}.Debug|Any CPU.ActiveCfg = Debug|Any CPU
		{0F815B54-82A9-4B99-BCCA-AB2FFCE8AE65}.Debug|Any CPU.Build.0 = Debug|Any CPU
		{0F815B54-82A9-4B99-BCCA-AB2FFCE8AE65}.Release|Any CPU.ActiveCfg = Release|Any CPU
		{0F815B54-82A9-4B99-BCCA-AB2FFCE8AE65}.Release|Any CPU.Build.0 = Release|Any CPU
		{48230555-C71B-418F-A733-A5A0AA5EE3B8}.Debug|Any CPU.ActiveCfg = Debug|Any CPU
		{48230555-C71B-418F-A733-A5A0AA5EE3B8}.Debug|Any CPU.Build.0 = Debug|Any CPU
		{48230555-C71B-418F-A733-A5A0AA5EE3B8}.Release|Any CPU.ActiveCfg = Release|Any CPU
		{48230555-C71B-418F-A733-A5A0AA5EE3B8}.Release|Any CPU.Build.0 = Release|Any CPU
		{B5ACF8F4-97AC-4ACD-A332-FEAB8476CE3B}.Debug|Any CPU.ActiveCfg = Debug|Any CPU
		{B5ACF8F4-97AC-4ACD-A332-FEAB8476CE3B}.Debug|Any CPU.Build.0 = Debug|Any CPU
		{B5ACF8F4-97AC-4ACD-A332-FEAB8476CE3B}.Release|Any CPU.ActiveCfg = Release|Any CPU
		{B5ACF8F4-97AC-4ACD-A332-FEAB8476CE3B}.Release|Any CPU.Build.0 = Release|Any CPU
		{32A22980-AE7F-42DE-8876-188FF5DCB508}.Debug|Any CPU.ActiveCfg = Debug|Any CPU
		{32A22980-AE7F-42DE-8876-188FF5DCB508}.Debug|Any CPU.Build.0 = Debug|Any CPU
		{32A22980-AE7F-42DE-8876-188FF5DCB508}.Release|Any CPU.ActiveCfg = Release|Any CPU
		{32A22980-AE7F-42DE-8876-188FF5DCB508}.Release|Any CPU.Build.0 = Release|Any CPU
		{2B03E151-A1F3-490E-B310-E28836BF74E5}.Debug|Any CPU.ActiveCfg = Debug|Any CPU
		{2B03E151-A1F3-490E-B310-E28836BF74E5}.Debug|Any CPU.Build.0 = Debug|Any CPU
		{2B03E151-A1F3-490E-B310-E28836BF74E5}.Release|Any CPU.ActiveCfg = Release|Any CPU
		{2B03E151-A1F3-490E-B310-E28836BF74E5}.Release|Any CPU.Build.0 = Release|Any CPU
		{F69F4F92-0450-4877-8BCF-6B6F893F3CB9}.Debug|Any CPU.ActiveCfg = Debug|Any CPU
		{F69F4F92-0450-4877-8BCF-6B6F893F3CB9}.Debug|Any CPU.Build.0 = Debug|Any CPU
		{F69F4F92-0450-4877-8BCF-6B6F893F3CB9}.Release|Any CPU.ActiveCfg = Release|Any CPU
		{F69F4F92-0450-4877-8BCF-6B6F893F3CB9}.Release|Any CPU.Build.0 = Release|Any CPU
		{84B300E8-4530-444C-A684-C76094A98727}.Debug|Any CPU.ActiveCfg = Debug|Any CPU
		{84B300E8-4530-444C-A684-C76094A98727}.Debug|Any CPU.Build.0 = Debug|Any CPU
		{84B300E8-4530-444C-A684-C76094A98727}.Release|Any CPU.ActiveCfg = Release|Any CPU
		{84B300E8-4530-444C-A684-C76094A98727}.Release|Any CPU.Build.0 = Release|Any CPU
		{9BD0D21A-F32A-4255-8956-5517885E6F8F}.Debug|Any CPU.ActiveCfg = Debug|Any CPU
		{9BD0D21A-F32A-4255-8956-5517885E6F8F}.Debug|Any CPU.Build.0 = Debug|Any CPU
		{9BD0D21A-F32A-4255-8956-5517885E6F8F}.Release|Any CPU.ActiveCfg = Release|Any CPU
		{9BD0D21A-F32A-4255-8956-5517885E6F8F}.Release|Any CPU.Build.0 = Release|Any CPU
	EndGlobalSection
	GlobalSection(SolutionProperties) = preSolution
		HideSolutionNode = FALSE
	EndGlobalSection
	GlobalSection(NestedProjects) = preSolution
		{E1ED2E10-1DE7-4CBD-9136-4EF7F30D448B} = {D61FBC18-09B7-4302-8E0A-D3A4BCAC9D88}
		{0F815B54-82A9-4B99-BCCA-AB2FFCE8AE65} = {61F9EAE9-EA25-4924-9B6C-C4A7CA0DFC3B}
		{48230555-C71B-418F-A733-A5A0AA5EE3B8} = {ADF1BA81-13C7-49BF-BF92-1C0A03EA51BA}
		{B5ACF8F4-97AC-4ACD-A332-FEAB8476CE3B} = {1B882D8D-5A6D-4888-BB72-932D7CFF0479}
		{32A22980-AE7F-42DE-8876-188FF5DCB508} = {1956C5FD-2A75-4AC2-B037-C9495B5478C5}
		{2B03E151-A1F3-490E-B310-E28836BF74E5} = {BA3F82F8-00F7-4E8D-BB1A-C24E0F4B14A8}
		{F69F4F92-0450-4877-8BCF-6B6F893F3CB9} = {620C6DF1-E67C-40CC-AA56-52DA2D1A1561}
		{84B300E8-4530-444C-A684-C76094A98727} = {DFABB471-A9EC-4502-B8C9-22514BA11A55}
		{9BD0D21A-F32A-4255-8956-5517885E6F8F} = {A23C20D9-7C08-4DE0-AD5D-2A86FE0BE823}
		{A23C20D9-7C08-4DE0-AD5D-2A86FE0BE823} = {1D013B00-C1C4-4F02-90F7-A1CDFB43FF12}
		{D2A63A36-0A69-4B03-99A5-AC393FD7A952} = {1D013B00-C1C4-4F02-90F7-A1CDFB43FF12}
		{1956C5FD-2A75-4AC2-B037-C9495B5478C5} = {D2A63A36-0A69-4B03-99A5-AC393FD7A952}
		{D61FBC18-09B7-4302-8E0A-D3A4BCAC9D88} = {D2A63A36-0A69-4B03-99A5-AC393FD7A952}
		{1B882D8D-5A6D-4888-BB72-932D7CFF0479} = {D2A63A36-0A69-4B03-99A5-AC393FD7A952}
		{ADF1BA81-13C7-49BF-BF92-1C0A03EA51BA} = {D2A63A36-0A69-4B03-99A5-AC393FD7A952}
		{BA3F82F8-00F7-4E8D-BB1A-C24E0F4B14A8} = {D2A63A36-0A69-4B03-99A5-AC393FD7A952}
		{DFABB471-A9EC-4502-B8C9-22514BA11A55} = {D2A63A36-0A69-4B03-99A5-AC393FD7A952}
		{620C6DF1-E67C-40CC-AA56-52DA2D1A1561} = {D2A63A36-0A69-4B03-99A5-AC393FD7A952}
		{61F9EAE9-EA25-4924-9B6C-C4A7CA0DFC3B} = {D2A63A36-0A69-4B03-99A5-AC393FD7A952}
	EndGlobalSection
	GlobalSection(ExtensibilityGlobals) = postSolution
		SolutionGuid = {B5D9150F-DCA9-46FE-8132-ABE2F1FCF111}
	EndGlobalSection
EndGlobal
