
Microsoft Visual Studio Solution File, Format Version 12.00
# Visual Studio Version 17
VisualStudioVersion = 17.0.31612.314
MinimumVisualStudioVersion = 10.0.40219.1
Project("{9A19103F-16F7-4668-BE54-9A1E7A4F7556}") = "Host.Web", "src\Framework\00.Host\Host\Host.Web.csproj", "{32A22980-AE7F-42DE-8876-188FF5DCB508}"
EndProject
Project("{9A19103F-16F7-4668-BE54-9A1E7A4F7556}") = "Utils", "src\Framework\01.Utils\Utils\Utils.csproj", "{E1ED2E10-1DE7-4CBD-9136-4EF7F30D448B}"
EndProject
Project("{9A19103F-16F7-4668-BE54-9A1E7A4F7556}") = "Module.Abstractions", "src\Framework\02.Module\Module.Abstractions\Module.Abstractions.csproj", "{B5A29DEA-1F0D-4706-BABA-44FEB43D0BCB}"
EndProject
Project("{9A19103F-16F7-4668-BE54-9A1E7A4F7556}") = "Module.Core", "src\Framework\02.Module\Module.Core\Module.Core.csproj", "{B7C95A09-E9F3-4C67-A859-F58DEB6A2DDE}"
EndProject
Project("{9A19103F-16F7-4668-BE54-9A1E7A4F7556}") = "Module.Web", "src\Framework\02.Module\Module.Web\Module.Web.csproj", "{A4A6EE62-48E6-49FD-B7B7-B67DB8BD2079}"
EndProject
Project("{9A19103F-16F7-4668-BE54-9A1E7A4F7556}") = "Mapper.Abstractions", "src\Framework\03.Mapper\Mapper.Abstractions\Mapper.Abstractions.csproj", "{BAADED93-E973-48FD-A2E9-1B96963A159E}"
EndProject
Project("{9A19103F-16F7-4668-BE54-9A1E7A4F7556}") = "Mapper.Core", "src\Framework\03.Mapper\Mapper.Core\Mapper.Core.csproj", "{4B9035F4-8EF6-4933-BEC7-15FBA9E43110}"
EndProject
Project("{9A19103F-16F7-4668-BE54-9A1E7A4F7556}") = "Cache.Abstractions", "src\Framework\04.Cache\Cache.Abstractions\Cache.Abstractions.csproj", "{9B2AAF54-97AA-42CF-9A86-E0CECE3D6A45}"
EndProject
Project("{9A19103F-16F7-4668-BE54-9A1E7A4F7556}") = "Cache.Core", "src\Framework\04.Cache\Cache.Core\Cache.Core.csproj", "{3C6A3264-013E-4432-AE71-22C3F32F3446}"
EndProject
Project("{9A19103F-16F7-4668-BE54-9A1E7A4F7556}") = "MQ.Abstractions", "src\Framework\05.MQ\MQ.Abstractions\MQ.Abstractions.csproj", "{B514777F-D560-48E0-BD01-B4B63C0DD030}"
EndProject
Project("{9A19103F-16F7-4668-BE54-9A1E7A4F7556}") = "MQ.Core", "src\Framework\05.MQ\MQ.Core\MQ.Core.csproj", "{54D0E4AC-BEBE-4105-9A8A-B824C2AC2EC8}"
EndProject
Project("{9A19103F-16F7-4668-BE54-9A1E7A4F7556}") = "Auth.Abstractions", "src\Framework\06.Auth\Auth.Abstractions\Auth.Abstractions.csproj", "{E4190CD1-514B-4770-959E-538E323EF83C}"
EndProject
Project("{9A19103F-16F7-4668-BE54-9A1E7A4F7556}") = "Auth.Core", "src\Framework\06.Auth\Auth.Core\Auth.Core.csproj", "{CCB8B218-4C31-4CE9-9803-8B7395B036E1}"
EndProject
Project("{2150E333-8FDC-42A3-9474-1A3956D46DE8}") = "build", "build", "{67094392-6A61-45D8-B82B-965D0E115DF2}"
	ProjectSection(SolutionItems) = preProject
		build\Directory.Build.props = build\Directory.Build.props
		build\module.build.targets = build\module.build.targets
	EndProjectSection
EndProject
Project("{2150E333-8FDC-42A3-9474-1A3956D46DE8}") = "src", "src", "{1D013B00-C1C4-4F02-90F7-A1CDFB43FF12}"
EndProject
Project("{2150E333-8FDC-42A3-9474-1A3956D46DE8}") = "Modules", "Modules", "{A23C20D9-7C08-4DE0-AD5D-2A86FE0BE823}"
EndProject
Project("{2150E333-8FDC-42A3-9474-1A3956D46DE8}") = "Framework", "Framework", "{D2A63A36-0A69-4B03-99A5-AC393FD7A952}"
EndProject
Project("{2150E333-8FDC-42A3-9474-1A3956D46DE8}") = "00.Host", "00.Host", "{1956C5FD-2A75-4AC2-B037-C9495B5478C5}"
	ProjectSection(SolutionItems) = preProject
		src\Framework\00.Host\Directory.Build.props = src\Framework\00.Host\Directory.Build.props
	EndProjectSection
EndProject
Project("{2150E333-8FDC-42A3-9474-1A3956D46DE8}") = "01.Utils", "01.Utils", "{D61FBC18-09B7-4302-8E0A-D3A4BCAC9D88}"
	ProjectSection(SolutionItems) = preProject
		src\Framework\01.Utils\Directory.Build.props = src\Framework\01.Utils\Directory.Build.props
	EndProjectSection
EndProject
Project("{2150E333-8FDC-42A3-9474-1A3956D46DE8}") = "02.Module", "02.Module", "{61F9EAE9-EA25-4924-9B6C-C4A7CA0DFC3B}"
	ProjectSection(SolutionItems) = preProject
		src\Framework\02.Module\Directory.Build.props = src\Framework\02.Module\Directory.Build.props
	EndProjectSection
EndProject
Project("{2150E333-8FDC-42A3-9474-1A3956D46DE8}") = "03.Mapper", "03.Mapper", "{ADF1BA81-13C7-49BF-BF92-1C0A03EA51BA}"
	ProjectSection(SolutionItems) = preProject
		src\Framework\03.Mapper\Directory.Build.props = src\Framework\03.Mapper\Directory.Build.props
	EndProjectSection
EndProject
Project("{2150E333-8FDC-42A3-9474-1A3956D46DE8}") = "04.Cache", "04.Cache", "{1B882D8D-5A6D-4888-BB72-932D7CFF0479}"
	ProjectSection(SolutionItems) = preProject
		src\Framework\04.Cache\Directory.Build.props = src\Framework\04.Cache\Directory.Build.props
	EndProjectSection
EndProject
Project("{2150E333-8FDC-42A3-9474-1A3956D46DE8}") = "05.MQ", "05.MQ", "{BA3F82F8-00F7-4E8D-BB1A-C24E0F4B14A8}"
	ProjectSection(SolutionItems) = preProject
		src\Framework\05.MQ\Directory.Build.props = src\Framework\05.MQ\Directory.Build.props
	EndProjectSection
EndProject
Project("{2150E333-8FDC-42A3-9474-1A3956D46DE8}") = "06.Auth", "06.Auth", "{DFABB471-A9EC-4502-B8C9-22514BA11A55}"
	ProjectSection(SolutionItems) = preProject
		src\Framework\06.Auth\Directory.Build.props = src\Framework\06.Auth\Directory.Build.props
	EndProjectSection
EndProject
Project("{2150E333-8FDC-42A3-9474-1A3956D46DE8}") = "99.Data", "99.Data", "{620C6DF1-E67C-40CC-AA56-52DA2D1A1561}"
	ProjectSection(SolutionItems) = preProject
		src\Framework\99.Data\Directory.Build.props = src\Framework\99.Data\Directory.Build.props
	EndProjectSection
EndProject
Project("{2150E333-8FDC-42A3-9474-1A3956D46DE8}") = "Adapters", "Adapters", "{2827C8CB-D77C-4946-AF1A-27CBCE7371B9}"
EndProject
Project("{9A19103F-16F7-4668-BE54-9A1E7A4F7556}") = "Data.Adapter.MySql", "src\Framework\99.Data\Adapters\Data.Adapter.MySql\Data.Adapter.MySql.csproj", "{D027BF0A-6D33-4633-8D4D-33191BE46501}"
EndProject
Project("{9A19103F-16F7-4668-BE54-9A1E7A4F7556}") = "Data.Adapter.Sqlite", "src\Framework\99.Data\Adapters\Data.Adapter.Sqlite\Data.Adapter.Sqlite.csproj", "{EE2519D2-20CE-41E2-87A0-F291F585402D}"
EndProject
Project("{9A19103F-16F7-4668-BE54-9A1E7A4F7556}") = "Data.Adapter.SqlServer", "src\Framework\99.Data\Adapters\Data.Adapter.SqlServer\Data.Adapter.SqlServer.csproj", "{73B7DD97-EDB4-49E5-9D2F-4D87EE9A4BDA}"
EndProject
Project("{2150E333-8FDC-42A3-9474-1A3956D46DE8}") = "Admin", "Admin", "{2AB0F84F-1A5C-43E4-9652-10B7C7F45D9B}"
	ProjectSection(SolutionItems) = preProject
		src\Modules\Admin\Directory.Build.props = src\Modules\Admin\Directory.Build.props
	EndProjectSection
EndProject
Project("{9A19103F-16F7-4668-BE54-9A1E7A4F7556}") = "Data.Abstractions", "src\Framework\99.Data\Data.Abstractions\Data.Abstractions.csproj", "{346B3962-1AC0-486F-BC36-02DF0D4F4044}"
EndProject
Project("{9A19103F-16F7-4668-BE54-9A1E7A4F7556}") = "Data.Core", "src\Framework\99.Data\Data.Core\Data.Core.csproj", "{032A998A-7DD3-4154-8992-748E3EC150FC}"
EndProject
Project("{9A19103F-16F7-4668-BE54-9A1E7A4F7556}") = "Admin.Core", "src\Modules\Admin\Admin.Core\Admin.Core.csproj", "{66E2C443-4701-4FB7-9494-90442F63E92E}"
EndProject
Project("{9A19103F-16F7-4668-BE54-9A1E7A4F7556}") = "Admin.Web", "src\Modules\Admin\Admin.Web\Admin.Web.csproj", "{738E0FBC-EEA3-4AD8-ADF8-FD3F340DCB6D}"
EndProject
Project("{2150E333-8FDC-42A3-9474-1A3956D46DE8}") = "Web", "Web", "{8B4E7563-B734-483B-975D-1B6880E16427}"
EndProject
Project("{9A19103F-16F7-4668-BE54-9A1E7A4F7556}") = "Web", "src\Modules\Web\Web\Web.csproj", "{84085E0B-9067-49E6-86FD-88CEBD267541}"
EndProject
Global
	GlobalSection(SolutionConfigurationPlatforms) = preSolution
		Debug|Any CPU = Debug|Any CPU
		Release|Any CPU = Release|Any CPU
	EndGlobalSection
	GlobalSection(ProjectConfigurationPlatforms) = postSolution
		{32A22980-AE7F-42DE-8876-188FF5DCB508}.Debug|Any CPU.ActiveCfg = Debug|Any CPU
		{32A22980-AE7F-42DE-8876-188FF5DCB508}.Debug|Any CPU.Build.0 = Debug|Any CPU
		{32A22980-AE7F-42DE-8876-188FF5DCB508}.Release|Any CPU.ActiveCfg = Release|Any CPU
		{32A22980-AE7F-42DE-8876-188FF5DCB508}.Release|Any CPU.Build.0 = Release|Any CPU
		{E1ED2E10-1DE7-4CBD-9136-4EF7F30D448B}.Debug|Any CPU.ActiveCfg = Debug|Any CPU
		{E1ED2E10-1DE7-4CBD-9136-4EF7F30D448B}.Debug|Any CPU.Build.0 = Debug|Any CPU
		{E1ED2E10-1DE7-4CBD-9136-4EF7F30D448B}.Release|Any CPU.ActiveCfg = Release|Any CPU
		{E1ED2E10-1DE7-4CBD-9136-4EF7F30D448B}.Release|Any CPU.Build.0 = Release|Any CPU
		{B5A29DEA-1F0D-4706-BABA-44FEB43D0BCB}.Debug|Any CPU.ActiveCfg = Debug|Any CPU
		{B5A29DEA-1F0D-4706-BABA-44FEB43D0BCB}.Debug|Any CPU.Build.0 = Debug|Any CPU
		{B5A29DEA-1F0D-4706-BABA-44FEB43D0BCB}.Release|Any CPU.ActiveCfg = Release|Any CPU
		{B5A29DEA-1F0D-4706-BABA-44FEB43D0BCB}.Release|Any CPU.Build.0 = Release|Any CPU
		{B7C95A09-E9F3-4C67-A859-F58DEB6A2DDE}.Debug|Any CPU.ActiveCfg = Debug|Any CPU
		{B7C95A09-E9F3-4C67-A859-F58DEB6A2DDE}.Debug|Any CPU.Build.0 = Debug|Any CPU
		{B7C95A09-E9F3-4C67-A859-F58DEB6A2DDE}.Release|Any CPU.ActiveCfg = Release|Any CPU
		{B7C95A09-E9F3-4C67-A859-F58DEB6A2DDE}.Release|Any CPU.Build.0 = Release|Any CPU
		{A4A6EE62-48E6-49FD-B7B7-B67DB8BD2079}.Debug|Any CPU.ActiveCfg = Debug|Any CPU
		{A4A6EE62-48E6-49FD-B7B7-B67DB8BD2079}.Debug|Any CPU.Build.0 = Debug|Any CPU
		{A4A6EE62-48E6-49FD-B7B7-B67DB8BD2079}.Release|Any CPU.ActiveCfg = Release|Any CPU
		{A4A6EE62-48E6-49FD-B7B7-B67DB8BD2079}.Release|Any CPU.Build.0 = Release|Any CPU
		{BAADED93-E973-48FD-A2E9-1B96963A159E}.Debug|Any CPU.ActiveCfg = Debug|Any CPU
		{BAADED93-E973-48FD-A2E9-1B96963A159E}.Debug|Any CPU.Build.0 = Debug|Any CPU
		{BAADED93-E973-48FD-A2E9-1B96963A159E}.Release|Any CPU.ActiveCfg = Release|Any CPU
		{BAADED93-E973-48FD-A2E9-1B96963A159E}.Release|Any CPU.Build.0 = Release|Any CPU
		{4B9035F4-8EF6-4933-BEC7-15FBA9E43110}.Debug|Any CPU.ActiveCfg = Debug|Any CPU
		{4B9035F4-8EF6-4933-BEC7-15FBA9E43110}.Debug|Any CPU.Build.0 = Debug|Any CPU
		{4B9035F4-8EF6-4933-BEC7-15FBA9E43110}.Release|Any CPU.ActiveCfg = Release|Any CPU
		{4B9035F4-8EF6-4933-BEC7-15FBA9E43110}.Release|Any CPU.Build.0 = Release|Any CPU
		{9B2AAF54-97AA-42CF-9A86-E0CECE3D6A45}.Debug|Any CPU.ActiveCfg = Debug|Any CPU
		{9B2AAF54-97AA-42CF-9A86-E0CECE3D6A45}.Debug|Any CPU.Build.0 = Debug|Any CPU
		{9B2AAF54-97AA-42CF-9A86-E0CECE3D6A45}.Release|Any CPU.ActiveCfg = Release|Any CPU
		{9B2AAF54-97AA-42CF-9A86-E0CECE3D6A45}.Release|Any CPU.Build.0 = Release|Any CPU
		{3C6A3264-013E-4432-AE71-22C3F32F3446}.Debug|Any CPU.ActiveCfg = Debug|Any CPU
		{3C6A3264-013E-4432-AE71-22C3F32F3446}.Debug|Any CPU.Build.0 = Debug|Any CPU
		{3C6A3264-013E-4432-AE71-22C3F32F3446}.Release|Any CPU.ActiveCfg = Release|Any CPU
		{3C6A3264-013E-4432-AE71-22C3F32F3446}.Release|Any CPU.Build.0 = Release|Any CPU
		{B514777F-D560-48E0-BD01-B4B63C0DD030}.Debug|Any CPU.ActiveCfg = Debug|Any CPU
		{B514777F-D560-48E0-BD01-B4B63C0DD030}.Debug|Any CPU.Build.0 = Debug|Any CPU
		{B514777F-D560-48E0-BD01-B4B63C0DD030}.Release|Any CPU.ActiveCfg = Release|Any CPU
		{B514777F-D560-48E0-BD01-B4B63C0DD030}.Release|Any CPU.Build.0 = Release|Any CPU
		{54D0E4AC-BEBE-4105-9A8A-B824C2AC2EC8}.Debug|Any CPU.ActiveCfg = Debug|Any CPU
		{54D0E4AC-BEBE-4105-9A8A-B824C2AC2EC8}.Debug|Any CPU.Build.0 = Debug|Any CPU
		{54D0E4AC-BEBE-4105-9A8A-B824C2AC2EC8}.Release|Any CPU.ActiveCfg = Release|Any CPU
		{54D0E4AC-BEBE-4105-9A8A-B824C2AC2EC8}.Release|Any CPU.Build.0 = Release|Any CPU
		{E4190CD1-514B-4770-959E-538E323EF83C}.Debug|Any CPU.ActiveCfg = Debug|Any CPU
		{E4190CD1-514B-4770-959E-538E323EF83C}.Debug|Any CPU.Build.0 = Debug|Any CPU
		{E4190CD1-514B-4770-959E-538E323EF83C}.Release|Any CPU.ActiveCfg = Release|Any CPU
		{E4190CD1-514B-4770-959E-538E323EF83C}.Release|Any CPU.Build.0 = Release|Any CPU
		{CCB8B218-4C31-4CE9-9803-8B7395B036E1}.Debug|Any CPU.ActiveCfg = Debug|Any CPU
		{CCB8B218-4C31-4CE9-9803-8B7395B036E1}.Debug|Any CPU.Build.0 = Debug|Any CPU
		{CCB8B218-4C31-4CE9-9803-8B7395B036E1}.Release|Any CPU.ActiveCfg = Release|Any CPU
		{CCB8B218-4C31-4CE9-9803-8B7395B036E1}.Release|Any CPU.Build.0 = Release|Any CPU
		{D027BF0A-6D33-4633-8D4D-33191BE46501}.Debug|Any CPU.ActiveCfg = Debug|Any CPU
		{D027BF0A-6D33-4633-8D4D-33191BE46501}.Debug|Any CPU.Build.0 = Debug|Any CPU
		{D027BF0A-6D33-4633-8D4D-33191BE46501}.Release|Any CPU.ActiveCfg = Release|Any CPU
		{D027BF0A-6D33-4633-8D4D-33191BE46501}.Release|Any CPU.Build.0 = Release|Any CPU
		{EE2519D2-20CE-41E2-87A0-F291F585402D}.Debug|Any CPU.ActiveCfg = Debug|Any CPU
		{EE2519D2-20CE-41E2-87A0-F291F585402D}.Debug|Any CPU.Build.0 = Debug|Any CPU
		{EE2519D2-20CE-41E2-87A0-F291F585402D}.Release|Any CPU.ActiveCfg = Release|Any CPU
		{EE2519D2-20CE-41E2-87A0-F291F585402D}.Release|Any CPU.Build.0 = Release|Any CPU
		{73B7DD97-EDB4-49E5-9D2F-4D87EE9A4BDA}.Debug|Any CPU.ActiveCfg = Debug|Any CPU
		{73B7DD97-EDB4-49E5-9D2F-4D87EE9A4BDA}.Debug|Any CPU.Build.0 = Debug|Any CPU
		{73B7DD97-EDB4-49E5-9D2F-4D87EE9A4BDA}.Release|Any CPU.ActiveCfg = Release|Any CPU
		{73B7DD97-EDB4-49E5-9D2F-4D87EE9A4BDA}.Release|Any CPU.Build.0 = Release|Any CPU
		{346B3962-1AC0-486F-BC36-02DF0D4F4044}.Debug|Any CPU.ActiveCfg = Debug|Any CPU
		{346B3962-1AC0-486F-BC36-02DF0D4F4044}.Debug|Any CPU.Build.0 = Debug|Any CPU
		{346B3962-1AC0-486F-BC36-02DF0D4F4044}.Release|Any CPU.ActiveCfg = Release|Any CPU
		{346B3962-1AC0-486F-BC36-02DF0D4F4044}.Release|Any CPU.Build.0 = Release|Any CPU
		{032A998A-7DD3-4154-8992-748E3EC150FC}.Debug|Any CPU.ActiveCfg = Debug|Any CPU
		{032A998A-7DD3-4154-8992-748E3EC150FC}.Debug|Any CPU.Build.0 = Debug|Any CPU
		{032A998A-7DD3-4154-8992-748E3EC150FC}.Release|Any CPU.ActiveCfg = Release|Any CPU
		{032A998A-7DD3-4154-8992-748E3EC150FC}.Release|Any CPU.Build.0 = Release|Any CPU
		{66E2C443-4701-4FB7-9494-90442F63E92E}.Debug|Any CPU.ActiveCfg = Debug|Any CPU
		{66E2C443-4701-4FB7-9494-90442F63E92E}.Debug|Any CPU.Build.0 = Debug|Any CPU
		{66E2C443-4701-4FB7-9494-90442F63E92E}.Release|Any CPU.ActiveCfg = Release|Any CPU
		{66E2C443-4701-4FB7-9494-90442F63E92E}.Release|Any CPU.Build.0 = Release|Any CPU
		{738E0FBC-EEA3-4AD8-ADF8-FD3F340DCB6D}.Debug|Any CPU.ActiveCfg = Debug|Any CPU
		{738E0FBC-EEA3-4AD8-ADF8-FD3F340DCB6D}.Debug|Any CPU.Build.0 = Debug|Any CPU
		{738E0FBC-EEA3-4AD8-ADF8-FD3F340DCB6D}.Release|Any CPU.ActiveCfg = Release|Any CPU
		{738E0FBC-EEA3-4AD8-ADF8-FD3F340DCB6D}.Release|Any CPU.Build.0 = Release|Any CPU
		{84085E0B-9067-49E6-86FD-88CEBD267541}.Debug|Any CPU.ActiveCfg = Debug|Any CPU
		{84085E0B-9067-49E6-86FD-88CEBD267541}.Debug|Any CPU.Build.0 = Debug|Any CPU
		{84085E0B-9067-49E6-86FD-88CEBD267541}.Release|Any CPU.ActiveCfg = Release|Any CPU
		{84085E0B-9067-49E6-86FD-88CEBD267541}.Release|Any CPU.Build.0 = Release|Any CPU
	EndGlobalSection
	GlobalSection(SolutionProperties) = preSolution
		HideSolutionNode = FALSE
	EndGlobalSection
	GlobalSection(NestedProjects) = preSolution
		{32A22980-AE7F-42DE-8876-188FF5DCB508} = {1956C5FD-2A75-4AC2-B037-C9495B5478C5}
		{E1ED2E10-1DE7-4CBD-9136-4EF7F30D448B} = {D61FBC18-09B7-4302-8E0A-D3A4BCAC9D88}
		{B5A29DEA-1F0D-4706-BABA-44FEB43D0BCB} = {61F9EAE9-EA25-4924-9B6C-C4A7CA0DFC3B}
		{B7C95A09-E9F3-4C67-A859-F58DEB6A2DDE} = {61F9EAE9-EA25-4924-9B6C-C4A7CA0DFC3B}
		{A4A6EE62-48E6-49FD-B7B7-B67DB8BD2079} = {61F9EAE9-EA25-4924-9B6C-C4A7CA0DFC3B}
		{BAADED93-E973-48FD-A2E9-1B96963A159E} = {ADF1BA81-13C7-49BF-BF92-1C0A03EA51BA}
		{4B9035F4-8EF6-4933-BEC7-15FBA9E43110} = {ADF1BA81-13C7-49BF-BF92-1C0A03EA51BA}
		{9B2AAF54-97AA-42CF-9A86-E0CECE3D6A45} = {1B882D8D-5A6D-4888-BB72-932D7CFF0479}
		{3C6A3264-013E-4432-AE71-22C3F32F3446} = {1B882D8D-5A6D-4888-BB72-932D7CFF0479}
		{B514777F-D560-48E0-BD01-B4B63C0DD030} = {BA3F82F8-00F7-4E8D-BB1A-C24E0F4B14A8}
		{54D0E4AC-BEBE-4105-9A8A-B824C2AC2EC8} = {BA3F82F8-00F7-4E8D-BB1A-C24E0F4B14A8}
		{E4190CD1-514B-4770-959E-538E323EF83C} = {DFABB471-A9EC-4502-B8C9-22514BA11A55}
		{CCB8B218-4C31-4CE9-9803-8B7395B036E1} = {DFABB471-A9EC-4502-B8C9-22514BA11A55}
		{A23C20D9-7C08-4DE0-AD5D-2A86FE0BE823} = {1D013B00-C1C4-4F02-90F7-A1CDFB43FF12}
		{D2A63A36-0A69-4B03-99A5-AC393FD7A952} = {1D013B00-C1C4-4F02-90F7-A1CDFB43FF12}
		{1956C5FD-2A75-4AC2-B037-C9495B5478C5} = {D2A63A36-0A69-4B03-99A5-AC393FD7A952}
		{D61FBC18-09B7-4302-8E0A-D3A4BCAC9D88} = {D2A63A36-0A69-4B03-99A5-AC393FD7A952}
		{61F9EAE9-EA25-4924-9B6C-C4A7CA0DFC3B} = {D2A63A36-0A69-4B03-99A5-AC393FD7A952}
		{ADF1BA81-13C7-49BF-BF92-1C0A03EA51BA} = {D2A63A36-0A69-4B03-99A5-AC393FD7A952}
		{1B882D8D-5A6D-4888-BB72-932D7CFF0479} = {D2A63A36-0A69-4B03-99A5-AC393FD7A952}
		{BA3F82F8-00F7-4E8D-BB1A-C24E0F4B14A8} = {D2A63A36-0A69-4B03-99A5-AC393FD7A952}
		{DFABB471-A9EC-4502-B8C9-22514BA11A55} = {D2A63A36-0A69-4B03-99A5-AC393FD7A952}
		{620C6DF1-E67C-40CC-AA56-52DA2D1A1561} = {D2A63A36-0A69-4B03-99A5-AC393FD7A952}
		{2827C8CB-D77C-4946-AF1A-27CBCE7371B9} = {620C6DF1-E67C-40CC-AA56-52DA2D1A1561}
		{D027BF0A-6D33-4633-8D4D-33191BE46501} = {2827C8CB-D77C-4946-AF1A-27CBCE7371B9}
		{EE2519D2-20CE-41E2-87A0-F291F585402D} = {2827C8CB-D77C-4946-AF1A-27CBCE7371B9}
		{73B7DD97-EDB4-49E5-9D2F-4D87EE9A4BDA} = {2827C8CB-D77C-4946-AF1A-27CBCE7371B9}
		{2AB0F84F-1A5C-43E4-9652-10B7C7F45D9B} = {A23C20D9-7C08-4DE0-AD5D-2A86FE0BE823}
		{346B3962-1AC0-486F-BC36-02DF0D4F4044} = {620C6DF1-E67C-40CC-AA56-52DA2D1A1561}
		{032A998A-7DD3-4154-8992-748E3EC150FC} = {620C6DF1-E67C-40CC-AA56-52DA2D1A1561}
		{66E2C443-4701-4FB7-9494-90442F63E92E} = {2AB0F84F-1A5C-43E4-9652-10B7C7F45D9B}
		{738E0FBC-EEA3-4AD8-ADF8-FD3F340DCB6D} = {2AB0F84F-1A5C-43E4-9652-10B7C7F45D9B}
		{8B4E7563-B734-483B-975D-1B6880E16427} = {A23C20D9-7C08-4DE0-AD5D-2A86FE0BE823}
		{84085E0B-9067-49E6-86FD-88CEBD267541} = {8B4E7563-B734-483B-975D-1B6880E16427}
	EndGlobalSection
	GlobalSection(ExtensibilityGlobals) = postSolution
		SolutionGuid = {B5D9150F-DCA9-46FE-8132-ABE2F1FCF111}
	EndGlobalSection
EndGlobal
